
Microsoft Visual Studio Solution File, Format Version 12.00
# Visual Studio Version 17
VisualStudioVersion = 17.14.37628.2 d17.14
MinimumVisualStudioVersion = 10.0.40219.1
Project("{FAE04EC0-301F-11D3-BF4B-00C04F79EFBC}") = "Bai06", "Bai06\Bai06.csproj", "{035EB593-47AC-401C-BD77-6C6211772815}"
EndProject
Global
	GlobalSection(SolutionConfigurationPlatforms) = preSolution
		Debug|Any CPU = Debug|Any CPU
		Release|Any CPU = Release|Any CPU
	EndGlobalSection
	GlobalSection(ProjectConfigurationPlatforms) = postSolution
		{035EB593-47AC-401C-BD77-6C6211772815}.Debug|Any CPU.ActiveCfg = Debug|Any CPU
		{035EB593-47AC-401C-BD77-6C6211772815}.Debug|Any CPU.Build.0 = Debug|Any CPU
		{035EB593-47AC-401C-BD77-6C6211772815}.Release|Any CPU.ActiveCfg = Release|Any CPU
		{035EB593-47AC-401C-BD77-6C6211772815}.Release|Any CPU.Build.0 = Release|Any CPU
	EndGlobalSection
	GlobalSection(SolutionProperties) = preSolution
		HideSolutionNode = FALSE
	EndGlobalSection
	GlobalSection(ExtensibilityGlobals) = postSolution
		SolutionGuid = {5CDCD849-E93C-4E13-950F-EBF64F00E4D8}
	EndGlobalSection
EndGlobal
