
Microsoft Visual Studio Solution File, Format Version 12.00
# Visual Studio Version 17
VisualStudioVersion = 17.14.37628.2 d17.14
MinimumVisualStudioVersion = 10.0.40219.1
Project("{FAE04EC0-301F-11D3-BF4B-00C04F79EFBC}") = "Bai04", "Bai04\Bai04.csproj", "{58C5DCF2-A3FD-4A56-BCE7-508225B72C3C}"
EndProject
Global
	GlobalSection(SolutionConfigurationPlatforms) = preSolution
		Debug|Any CPU = Debug|Any CPU
		Release|Any CPU = Release|Any CPU
	EndGlobalSection
	GlobalSection(ProjectConfigurationPlatforms) = postSolution
		{58C5DCF2-A3FD-4A56-BCE7-508225B72C3C}.Debug|Any CPU.ActiveCfg = Debug|Any CPU
		{58C5DCF2-A3FD-4A56-BCE7-508225B72C3C}.Debug|Any CPU.Build.0 = Debug|Any CPU
		{58C5DCF2-A3FD-4A56-BCE7-508225B72C3C}.Release|Any CPU.ActiveCfg = Release|Any CPU
		{58C5DCF2-A3FD-4A56-BCE7-508225B72C3C}.Release|Any CPU.Build.0 = Release|Any CPU
	EndGlobalSection
	GlobalSection(SolutionProperties) = preSolution
		HideSolutionNode = FALSE
	EndGlobalSection
	GlobalSection(ExtensibilityGlobals) = postSolution
		SolutionGuid = {83799322-5490-4A4E-B5C0-FE507A91F6AC}
	EndGlobalSection
EndGlobal
