
Microsoft Visual Studio Solution File, Format Version 12.00
# Visual Studio Version 17
VisualStudioVersion = 17.14.37628.2 d17.14
MinimumVisualStudioVersion = 10.0.40219.1
Project("{FAE04EC0-301F-11D3-BF4B-00C04F79EFBC}") = "Bai05NangCao", "Bai05NangCao\Bai05NangCao.csproj", "{155BD657-F1BD-4ED3-9C42-7A5370257265}"
EndProject
Global
	GlobalSection(SolutionConfigurationPlatforms) = preSolution
		Debug|Any CPU = Debug|Any CPU
		Release|Any CPU = Release|Any CPU
	EndGlobalSection
	GlobalSection(ProjectConfigurationPlatforms) = postSolution
		{155BD657-F1BD-4ED3-9C42-7A5370257265}.Debug|Any CPU.ActiveCfg = Debug|Any CPU
		{155BD657-F1BD-4ED3-9C42-7A5370257265}.Debug|Any CPU.Build.0 = Debug|Any CPU
		{155BD657-F1BD-4ED3-9C42-7A5370257265}.Release|Any CPU.ActiveCfg = Release|Any CPU
		{155BD657-F1BD-4ED3-9C42-7A5370257265}.Release|Any CPU.Build.0 = Release|Any CPU
	EndGlobalSection
	GlobalSection(SolutionProperties) = preSolution
		HideSolutionNode = FALSE
	EndGlobalSection
	GlobalSection(ExtensibilityGlobals) = postSolution
		SolutionGuid = {F33FD30C-D03C-49D3-8A97-0E98FD465DAE}
	EndGlobalSection
EndGlobal
